
Microsoft Visual Studio Solution File, Format Version 12.00
Project("{FAE04EC0-301F-11D3-BF4B-00C04F79EFBC}") = "TestesIntegracao.API", "TestesIntegracao.API\TestesIntegracao.API.csproj", "{E0678DFA-EF3E-4BC2-90C5-9A8978F9A389}"
EndProject
Project("{FAE04EC0-301F-11D3-BF4B-00C04F79EFBC}") = "TestesIntegracao.Tests", "TestesIntegracao.Tests\TestesIntegracao.Tests.csproj", "{15B32518-379E-43AF-A17A-A7AEF35645AF}"
EndProject
Global
	GlobalSection(SolutionConfigurationPlatforms) = preSolution
		Debug|Any CPU = Debug|Any CPU
		Release|Any CPU = Release|Any CPU
	EndGlobalSection
	GlobalSection(ProjectConfigurationPlatforms) = postSolution
		{E0678DFA-EF3E-4BC2-90C5-9A8978F9A389}.Debug|Any CPU.ActiveCfg = Debug|Any CPU
		{E0678DFA-EF3E-4BC2-90C5-9A8978F9A389}.Debug|Any CPU.Build.0 = Debug|Any CPU
		{E0678DFA-EF3E-4BC2-90C5-9A8978F9A389}.Release|Any CPU.ActiveCfg = Release|Any CPU
		{E0678DFA-EF3E-4BC2-90C5-9A8978F9A389}.Release|Any CPU.Build.0 = Release|Any CPU
		{15B32518-379E-43AF-A17A-A7AEF35645AF}.Debug|Any CPU.ActiveCfg = Debug|Any CPU
		{15B32518-379E-43AF-A17A-A7AEF35645AF}.Debug|Any CPU.Build.0 = Debug|Any CPU
		{15B32518-379E-43AF-A17A-A7AEF35645AF}.Release|Any CPU.ActiveCfg = Release|Any CPU
		{15B32518-379E-43AF-A17A-A7AEF35645AF}.Release|Any CPU.Build.0 = Release|Any CPU
	EndGlobalSection
EndGlobal
